// !$*UTF8*$!
{
	archiveVersion = 1;
	classes = {
	};
	objectVersion = 56;
	objects = {

/* Begin PBXBuildFile section */
		35C4D8B62996652B00A6913F /* AppDelegate.swift in Sources */ = {isa = PBXBuildFile; fileRef = 35C4D8B52996652B00A6913F /* AppDelegate.swift */; };
		35C4D8BA2996652B00A6913F /* ViewController.swift in Sources */ = {isa = PBXBuildFile; fileRef = 35C4D8B92996652B00A6913F /* ViewController.swift */; };
		35C4D8BF2996652D00A6913F /* Assets.xcassets in Resources */ = {isa = PBXBuildFile; fileRef = 35C4D8BE2996652D00A6913F /* Assets.xcassets */; };
		35C4D8C22996652D00A6913F /* LaunchScreen.storyboard in Resources */ = {isa = PBXBuildFile; fileRef = 35C4D8C02996652D00A6913F /* LaunchScreen.storyboard */; };
		35C4D8D42996A7C400A6913F /* SFProDisplay.ttf in Resources */ = {isa = PBXBuildFile; fileRef = 35C4D8D32996A7C400A6913F /* SFProDisplay.ttf */; };
		35C4D8D62997B6CB00A6913F /* Header.swift in Sources */ = {isa = PBXBuildFile; fileRef = 35C4D8D52997B6CB00A6913F /* Header.swift */; };
		35C6CB062997FFB100EB8AC8 /* SFProDisplay-Bold.ttf in Resources */ = {isa = PBXBuildFile; fileRef = 35C6CB052997FFB100EB8AC8 /* SFProDisplay-Bold.ttf */; };
		35C6CB0A2998002C00EB8AC8 /* SFProDisplay-Medium.ttf in Resources */ = {isa = PBXBuildFile; fileRef = 35C6CB092998002C00EB8AC8 /* SFProDisplay-Medium.ttf */; };
		35C6CB0C2998054A00EB8AC8 /* RadioButton.swift in Sources */ = {isa = PBXBuildFile; fileRef = 35C6CB0B2998054A00EB8AC8 /* RadioButton.swift */; };
/* End PBXBuildFile section */

/* Begin PBXFileReference section */
		35C4D8B22996652B00A6913F /* SurfApp.app */ = {isa = PBXFileReference; explicitFileType = wrapper.application; includeInIndex = 0; path = SurfApp.app; sourceTree = BUILT_PRODUCTS_DIR; };
		35C4D8B52996652B00A6913F /* AppDelegate.swift */ = {isa = PBXFileReference; lastKnownFileType = sourcecode.swift; path = AppDelegate.swift; sourceTree = "<group>"; };
		35C4D8B92996652B00A6913F /* ViewController.swift */ = {isa = PBXFileReference; lastKnownFileType = sourcecode.swift; path = ViewController.swift; sourceTree = "<group>"; };
		35C4D8BE2996652D00A6913F /* Assets.xcassets */ = {isa = PBXFileReference; lastKnownFileType = folder.assetcatalog; path = Assets.xcassets; sourceTree = "<group>"; };
		35C4D8C12996652D00A6913F /* Base */ = {isa = PBXFileReference; lastKnownFileType = file.storyboard; name = Base; path = Base.lproj/LaunchScreen.storyboard; sourceTree = "<group>"; };
		35C4D8C32996652D00A6913F /* Info.plist */ = {isa = PBXFileReference; lastKnownFileType = text.plist.xml; path = Info.plist; sourceTree = "<group>"; };
		35C4D8D32996A7C400A6913F /* SFProDisplay.ttf */ = {isa = PBXFileReference; lastKnownFileType = file; path = SFProDisplay.ttf; sourceTree = "<group>"; };
		35C4D8D52997B6CB00A6913F /* Header.swift */ = {isa = PBXFileReference; lastKnownFileType = sourcecode.swift; path = Header.swift; sourceTree = "<group>"; };
		35C6CB052997FFB100EB8AC8 /* SFProDisplay-Bold.ttf */ = {isa = PBXFileReference; lastKnownFileType = file; path = "SFProDisplay-Bold.ttf"; sourceTree = "<group>"; };
		35C6CB092998002C00EB8AC8 /* SFProDisplay-Medium.ttf */ = {isa = PBXFileReference; lastKnownFileType = file; path = "SFProDisplay-Medium.ttf"; sourceTree = "<group>"; };
		35C6CB0B2998054A00EB8AC8 /* RadioButton.swift */ = {isa = PBXFileReference; lastKnownFileType = sourcecode.swift; path = RadioButton.swift; sourceTree = "<group>"; };
/* End PBXFileReference section */

/* Begin PBXFrameworksBuildPhase section */
		35C4D8AF2996652B00A6913F /* Frameworks */ = {
			isa = PBXFrameworksBuildPhase;
			buildActionMask = 2147483647;
			files = (
			);
			runOnlyForDeploymentPostprocessing = 0;
		};
/* End PBXFrameworksBuildPhase section */

/* Begin PBXGroup section */
		35C4D8A92996652B00A6913F = {
			isa = PBXGroup;
			children = (
				35C4D8B42996652B00A6913F /* SurfApp */,
				35C4D8B32996652B00A6913F /* Products */,
			);
			sourceTree = "<group>";
		};
		35C4D8B32996652B00A6913F /* Products */ = {
			isa = PBXGroup;
			children = (
				35C4D8B22996652B00A6913F /* SurfApp.app */,
			);
			name = Products;
			sourceTree = "<group>";
		};
		35C4D8B42996652B00A6913F /* SurfApp */ = {
			isa = PBXGroup;
			children = (
				35C4D8B52996652B00A6913F /* AppDelegate.swift */,
				35C4D8D52997B6CB00A6913F /* Header.swift */,
				35C4D8B92996652B00A6913F /* ViewController.swift */,
				35C6CB0B2998054A00EB8AC8 /* RadioButton.swift */,
				35C4D8BE2996652D00A6913F /* Assets.xcassets */,
				35C4D8C02996652D00A6913F /* LaunchScreen.storyboard */,
				35C4D8C32996652D00A6913F /* Info.plist */,
				35C4D8D22996A78F00A6913F /* fonts */,
			);
			path = SurfApp;
			sourceTree = "<group>";
		};
		35C4D8D22996A78F00A6913F /* fonts */ = {
			isa = PBXGroup;
			children = (
				35C4D8D32996A7C400A6913F /* SFProDisplay.ttf */,
				35C6CB052997FFB100EB8AC8 /* SFProDisplay-Bold.ttf */,
				35C6CB092998002C00EB8AC8 /* SFProDisplay-Medium.ttf */,
			);
			path = fonts;
			sourceTree = "<group>";
		};
/* End PBXGroup section */

/* Begin PBXNativeTarget section */
		35C4D8B12996652B00A6913F /* SurfApp */ = {
			isa = PBXNativeTarget;
			buildConfigurationList = 35C4D8C62996652D00A6913F /* Build configuration list for PBXNativeTarget "SurfApp" */;
			buildPhases = (
				35C4D8AE2996652B00A6913F /* Sources */,
				35C4D8AF2996652B00A6913F /* Frameworks */,
				35C4D8B02996652B00A6913F /* Resources */,
			);
			buildRules = (
			);
			dependencies = (
			);
			name = SurfApp;
			productName = SurfApp;
			productReference = 35C4D8B22996652B00A6913F /* SurfApp.app */;
			productType = "com.apple.product-type.application";
		};
/* End PBXNativeTarget section */

/* Begin PBXProject section */
		35C4D8AA2996652B00A6913F /* Project object */ = {
			isa = PBXProject;
			attributes = {
				BuildIndependentTargetsInParallel = 1;
				LastSwiftUpdateCheck = 1420;
				LastUpgradeCheck = 1420;
				TargetAttributes = {
					35C4D8B12996652B00A6913F = {
						CreatedOnToolsVersion = 14.2;
					};
				};
			};
			buildConfigurationList = 35C4D8AD2996652B00A6913F /* Build configuration list for PBXProject "SurfApp" */;
			compatibilityVersion = "Xcode 14.0";
			developmentRegion = en;
			hasScannedForEncodings = 0;
			knownRegions = (
				en,
				Base,
			);
			mainGroup = 35C4D8A92996652B00A6913F;
			productRefGroup = 35C4D8B32996652B00A6913F /* Products */;
			projectDirPath = "";
			projectRoot = "";
			targets = (
				35C4D8B12996652B00A6913F /* SurfApp */,
			);
		};
/* End PBXProject section */

/* Begin PBXResourcesBuildPhase section */
		35C4D8B02996652B00A6913F /* Resources */ = {
			isa = PBXResourcesBuildPhase;
			buildActionMask = 2147483647;
			files = (
				35C4D8D42996A7C400A6913F /* SFProDisplay.ttf in Resources */,
				35C4D8C22996652D00A6913F /* LaunchScreen.storyboard in Resources */,
				35C4D8BF2996652D00A6913F /* Assets.xcassets in Resources */,
				35C6CB062997FFB100EB8AC8 /* SFProDisplay-Bold.ttf in Resources */,
				35C6CB0A2998002C00EB8AC8 /* SFProDisplay-Medium.ttf in Resources */,
			);
			runOnlyForDeploymentPostprocessing = 0;
		};
/* End PBXResourcesBuildPhase section */

/* Begin PBXSourcesBuildPhase section */
		35C4D8AE2996652B00A6913F /* Sources */ = {
			isa = PBXSourcesBuildPhase;
			buildActionMask = 2147483647;
			files = (
				35C4D8BA2996652B00A6913F /* ViewController.swift in Sources */,
				35C4D8D62997B6CB00A6913F /* Header.swift in Sources */,
				35C4D8B62996652B00A6913F /* AppDelegate.swift in Sources */,
				35C6CB0C2998054A00EB8AC8 /* RadioButton.swift in Sources */,
			);
			runOnlyForDeploymentPostprocessing = 0;
		};
/* End PBXSourcesBuildPhase section */

/* Begin PBXVariantGroup section */
		35C4D8C02996652D00A6913F /* LaunchScreen.storyboard */ = {
			isa = PBXVariantGroup;
			children = (
				35C4D8C12996652D00A6913F /* Base */,
			);
			name = LaunchScreen.storyboard;
			sourceTree = "<group>";
		};
/* End PBXVariantGroup section */

/* Begin XCBuildConfiguration section */
		35C4D8C42996652D00A6913F /* Debug */ = {
			isa = XCBuildConfiguration;
			buildSettings = {
				ALWAYS_SEARCH_USER_PATHS = NO;
				CLANG_ANALYZER_NONNULL = YES;
				CLANG_ANALYZER_NUMBER_OBJECT_CONVERSION = YES_AGGRESSIVE;
				CLANG_CXX_LANGUAGE_STANDARD = "gnu++20";
				CLANG_ENABLE_MODULES = YES;
				CLANG_ENABLE_OBJC_ARC = YES;
				CLANG_ENABLE_OBJC_WEAK = YES;
				CLANG_WARN_BLOCK_CAPTURE_AUTORELEASING = YES;
				CLANG_WARN_BOOL_CONVERSION = YES;
				CLANG_WARN_COMMA = YES;
				CLANG_WARN_CONSTANT_CONVERSION = YES;
				CLANG_WARN_DEPRECATED_OBJC_IMPLEMENTATIONS = YES;
				CLANG_WARN_DIRECT_OBJC_ISA_USAGE = YES_ERROR;
				CLANG_WARN_DOCUMENTATION_COMMENTS = YES;
				CLANG_WARN_EMPTY_BODY = YES;
				CLANG_WARN_ENUM_CONVERSION = YES;
				CLANG_WARN_INFINITE_RECURSION = YES;
				CLANG_WARN_INT_CONVERSION = YES;
				CLANG_WARN_NON_LITERAL_NULL_CONVERSION = YES;
				CLANG_WARN_OBJC_IMPLICIT_RETAIN_SELF = YES;
				CLANG_WARN_OBJC_LITERAL_CONVERSION = YES;
				CLANG_WARN_OBJC_ROOT_CLASS = YES_ERROR;
				CLANG_WARN_QUOTED_INCLUDE_IN_FRAMEWORK_HEADER = YES;
				CLANG_WARN_RANGE_LOOP_ANALYSIS = YES;
				CLANG_WARN_STRICT_PROTOTYPES = YES;
				CLANG_WARN_SUSPICIOUS_MOVE = YES;
				CLANG_WARN_UNGUARDED_AVAILABILITY = YES_AGGRESSIVE;
				CLANG_WARN_UNREACHABLE_CODE = YES;
				CLANG_WARN__DUPLICATE_METHOD_MATCH = YES;
				COPY_PHASE_STRIP = NO;
				DEBUG_INFORMATION_FORMAT = dwarf;
				ENABLE_STRICT_OBJC_MSGSEND = YES;
				ENABLE_TESTABILITY = YES;
				GCC_C_LANGUAGE_STANDARD = gnu11;
				GCC_DYNAMIC_NO_PIC = NO;
				GCC_NO_COMMON_BLOCKS = YES;
				GCC_OPTIMIZATION_LEVEL = 0;
				GCC_PREPROCESSOR_DEFINITIONS = (
					"DEBUG=1",
					"$(inherited)",
				);
				GCC_WARN_64_TO_32_BIT_CONVERSION = YES;
				GCC_WARN_ABOUT_RETURN_TYPE = YES_ERROR;
				GCC_WARN_UNDECLARED_SELECTOR = YES;
				GCC_WARN_UNINITIALIZED_AUTOS = YES_AGGRESSIVE;
				GCC_WARN_UNUSED_FUNCTION = YES;
				GCC_WARN_UNUSED_VARIABLE = YES;
				IPHONEOS_DEPLOYMENT_TARGET = 16.2;
				MTL_ENABLE_DEBUG_INFO = INCLUDE_SOURCE;
				MTL_FAST_MATH = YES;
				ONLY_ACTIVE_ARCH = YES;
				SDKROOT = iphoneos;
				SWIFT_ACTIVE_COMPILATION_CONDITIONS = DEBUG;
				SWIFT_OPTIMIZATION_LEVEL = "-Onone";
			};
			name = Debug;
		};
		35C4D8C52996652D00A6913F /* Release */ = {
			isa = XCBuildConfiguration;
			buildSettings = {
				ALWAYS_SEARCH_USER_PATHS = NO;
				CLANG_ANALYZER_NONNULL = YES;
				CLANG_ANALYZER_NUMBER_OBJECT_CONVERSION = YES_AGGRESSIVE;
				CLANG_CXX_LANGUAGE_STANDARD = "gnu++20";
				CLANG_ENABLE_MODULES = YES;
				CLANG_ENABLE_OBJC_ARC = YES;
				CLANG_ENABLE_OBJC_WEAK = YES;
				CLANG_WARN_BLOCK_CAPTURE_AUTORELEASING = YES;
				CLANG_WARN_BOOL_CONVERSION = YES;
				CLANG_WARN_COMMA = YES;
				CLANG_WARN_CONSTANT_CONVERSION = YES;
				CLANG_WARN_DEPRECATED_OBJC_IMPLEMENTATIONS = YES;
				CLANG_WARN_DIRECT_OBJC_ISA_USAGE = YES_ERROR;
				CLANG_WARN_DOCUMENTATION_COMMENTS = YES;
				CLANG_WARN_EMPTY_BODY = YES;
				CLANG_WARN_ENUM_CONVERSION = YES;
				CLANG_WARN_INFINITE_RECURSION = YES;
				CLANG_WARN_INT_CONVERSION = YES;
				CLANG_WARN_NON_LITERAL_NULL_CONVERSION = YES;
				CLANG_WARN_OBJC_IMPLICIT_RETAIN_SELF = YES;
				CLANG_WARN_OBJC_LITERAL_CONVERSION = YES;
				CLANG_WARN_OBJC_ROOT_CLASS = YES_ERROR;
				CLANG_WARN_QUOTED_INCLUDE_IN_FRAMEWORK_HEADER = YES;
				CLANG_WARN_RANGE_LOOP_ANALYSIS = YES;
				CLANG_WARN_STRICT_PROTOTYPES = YES;
				CLANG_WARN_SUSPICIOUS_MOVE = YES;
				CLANG_WARN_UNGUARDED_AVAILABILITY = YES_AGGRESSIVE;
				CLANG_WARN_UNREACHABLE_CODE = YES;
				CLANG_WARN__DUPLICATE_METHOD_MATCH = YES;
				COPY_PHASE_STRIP = NO;
				DEBUG_INFORMATION_FORMAT = "dwarf-with-dsym";
				ENABLE_NS_ASSERTIONS = NO;
				ENABLE_STRICT_OBJC_MSGSEND = YES;
				GCC_C_LANGUAGE_STANDARD = gnu11;
				GCC_NO_COMMON_BLOCKS = YES;
				GCC_WARN_64_TO_32_BIT_CONVERSION = YES;
				GCC_WARN_ABOUT_RETURN_TYPE = YES_ERROR;
				GCC_WARN_UNDECLARED_SELECTOR = YES;
				GCC_WARN_UNINITIALIZED_AUTOS = YES_AGGRESSIVE;
				GCC_WARN_UNUSED_FUNCTION = YES;
				GCC_WARN_UNUSED_VARIABLE = YES;
				IPHONEOS_DEPLOYMENT_TARGET = 16.2;
				MTL_ENABLE_DEBUG_INFO = NO;
				MTL_FAST_MATH = YES;
				SDKROOT = iphoneos;
				SWIFT_COMPILATION_MODE = wholemodule;
				SWIFT_OPTIMIZATION_LEVEL = "-O";
				VALIDATE_PRODUCT = YES;
			};
			name = Release;
		};
		35C4D8C72996652D00A6913F /* Debug */ = {
			isa = XCBuildConfiguration;
			buildSettings = {
				ASSETCATALOG_COMPILER_APPICON_NAME = AppIcon;
				ASSETCATALOG_COMPILER_GLOBAL_ACCENT_COLOR_NAME = AccentColor;
				CODE_SIGN_STYLE = Automatic;
				CURRENT_PROJECT_VERSION = 1;
				DEVELOPMENT_TEAM = CM68ARA6G3;
				GENERATE_INFOPLIST_FILE = YES;
				INFOPLIST_FILE = SurfApp/Info.plist;
				INFOPLIST_KEY_UIApplicationSupportsIndirectInputEvents = YES;
				INFOPLIST_KEY_UILaunchStoryboardName = LaunchScreen;
				INFOPLIST_KEY_UISupportedInterfaceOrientations_iPad = "UIInterfaceOrientationPortrait UIInterfaceOrientationPortraitUpsideDown UIInterfaceOrientationLandscapeLeft UIInterfaceOrientationLandscapeRight";
				INFOPLIST_KEY_UISupportedInterfaceOrientations_iPhone = "UIInterfaceOrientationPortrait UIInterfaceOrientationLandscapeLeft UIInterfaceOrientationLandscapeRight";
				LD_RUNPATH_SEARCH_PATHS = (
					"$(inherited)",
					"@executable_path/Frameworks",
				);
				MARKETING_VERSION = 1.0;
				PRODUCT_BUNDLE_IDENTIFIER = "Valentina-Divina.SurfApp";
				PRODUCT_NAME = "$(TARGET_NAME)";
				SWIFT_EMIT_LOC_STRINGS = YES;
				SWIFT_VERSION = 5.0;
				TARGETED_DEVICE_FAMILY = "1,2";
			};
			name = Debug;
		};
		35C4D8C82996652D00A6913F /* Release */ = {
			isa = XCBuildConfiguration;
			buildSettings = {
				ASSETCATALOG_COMPILER_APPICON_NAME = AppIcon;
				ASSETCATALOG_COMPILER_GLOBAL_ACCENT_COLOR_NAME = AccentColor;
				CODE_SIGN_STYLE = Automatic;
				CURRENT_PROJECT_VERSION = 1;
				DEVELOPMENT_TEAM = CM68ARA6G3;
				GENERATE_INFOPLIST_FILE = YES;
				INFOPLIST_FILE = SurfApp/Info.plist;
				INFOPLIST_KEY_UIApplicationSupportsIndirectInputEvents = YES;
				INFOPLIST_KEY_UILaunchStoryboardName = LaunchScreen;
				INFOPLIST_KEY_UISupportedInterfaceOrientations_iPad = "UIInterfaceOrientationPortrait UIInterfaceOrientationPortraitUpsideDown UIInterfaceOrientationLandscapeLeft UIInterfaceOrientationLandscapeRight";
				INFOPLIST_KEY_UISupportedInterfaceOrientations_iPhone = "UIInterfaceOrientationPortrait UIInterfaceOrientationLandscapeLeft UIInterfaceOrientationLandscapeRight";
				LD_RUNPATH_SEARCH_PATHS = (
					"$(inherited)",
					"@executable_path/Frameworks",
				);
				MARKETING_VERSION = 1.0;
				PRODUCT_BUNDLE_IDENTIFIER = "Valentina-Divina.SurfApp";
				PRODUCT_NAME = "$(TARGET_NAME)";
				SWIFT_EMIT_LOC_STRINGS = YES;
				SWIFT_VERSION = 5.0;
				TARGETED_DEVICE_FAMILY = "1,2";
			};
			name = Release;
		};
/* End XCBuildConfiguration section */

/* Begin XCConfigurationList section */
		35C4D8AD2996652B00A6913F /* Build configuration list for PBXProject "SurfApp" */ = {
			isa = XCConfigurationList;
			buildConfigurations = (
				35C4D8C42996652D00A6913F /* Debug */,
				35C4D8C52996652D00A6913F /* Release */,
			);
			defaultConfigurationIsVisible = 0;
			defaultConfigurationName = Release;
		};
		35C4D8C62996652D00A6913F /* Build configuration list for PBXNativeTarget "SurfApp" */ = {
			isa = XCConfigurationList;
			buildConfigurations = (
				35C4D8C72996652D00A6913F /* Debug */,
				35C4D8C82996652D00A6913F /* Release */,
			);
			defaultConfigurationIsVisible = 0;
			defaultConfigurationName = Release;
		};
/* End XCConfigurationList section */
	};
	rootObject = 35C4D8AA2996652B00A6913F /* Project object */;
}
